
Microsoft Visual Studio Solution File, Format Version 11.00
# Visual Studio 2010
Project("{FAE04EC0-301F-11D3-BF4B-00C04F79EFBC}") = "Homework13-TrimAllFormTextboxes", "Homework13-TrimAllFormTextboxes.csproj", "{B3372FDE-3465-4484-AAB8-F2D6FE05E7EF}"
EndProject
Global
	GlobalSection(SolutionConfigurationPlatforms) = preSolution
		Debug|x86 = Debug|x86
		Release|x86 = Release|x86
	EndGlobalSection
	GlobalSection(ProjectConfigurationPlatforms) = postSolution
		{B3372FDE-3465-4484-AAB8-F2D6FE05E7EF}.Debug|x86.ActiveCfg = Debug|x86
		{B3372FDE-3465-4484-AAB8-F2D6FE05E7EF}.Debug|x86.Build.0 = Debug|x86
		{B3372FDE-3465-4484-AAB8-F2D6FE05E7EF}.Release|x86.ActiveCfg = Release|x86
		{B3372FDE-3465-4484-AAB8-F2D6FE05E7EF}.Release|x86.Build.0 = Release|x86
	EndGlobalSection
	GlobalSection(SolutionProperties) = preSolution
		HideSolutionNode = FALSE
	EndGlobalSection
EndGlobal
